
Microsoft Visual Studio Solution File, Format Version 12.00
# Visual Studio Version 16
VisualStudioVersion = 16.0.31005.135
MinimumVisualStudioVersion = 10.0.40219.1
Project("{FAE04EC0-301F-11D3-BF4B-00C04F79EFBC}") = "PingBot", "PingBot\PingBot.csproj", "{37D34011-8F7C-4CBE-886A-0BFF04E8C949}"
EndProject
Global
	GlobalSection(SolutionConfigurationPlatforms) = preSolution
		Debug|Any CPU = Debug|Any CPU
		Release|Any CPU = Release|Any CPU
	EndGlobalSection
	GlobalSection(ProjectConfigurationPlatforms) = postSolution
		{37D34011-8F7C-4CBE-886A-0BFF04E8C949}.Debug|Any CPU.ActiveCfg = Debug|Any CPU
		{37D34011-8F7C-4CBE-886A-0BFF04E8C949}.Debug|Any CPU.Build.0 = Debug|Any CPU
		{37D34011-8F7C-4CBE-886A-0BFF04E8C949}.Release|Any CPU.ActiveCfg = Release|Any CPU
		{37D34011-8F7C-4CBE-886A-0BFF04E8C949}.Release|Any CPU.Build.0 = Release|Any CPU
	EndGlobalSection
	GlobalSection(SolutionProperties) = preSolution
		HideSolutionNode = FALSE
	EndGlobalSection
	GlobalSection(ExtensibilityGlobals) = postSolution
		SolutionGuid = {47C03999-9ABF-477D-BF2F-E1A48933BC83}
	EndGlobalSection
EndGlobal
